<Solution>
  <Folder Name="/02_Server/">
    <Project Path="02_Server/GameServer.Tests/GameServer.Tests.csproj" />
    <Project Path="02_Server/GameServer/GameServer.csproj" />
    <Project Path="02_Server/Network/Dawnholder.Server.Network.csproj" />
  </Folder>
  <Folder Name="/04_ClientNet/">
    <Project Path="04_ClientNet/Dawnholder.Client.Net.csproj" />
  </Folder>
  <Folder Name="/98_Shared/">
    <Project Path="98_Shared/Shared.csproj" />
  </Folder>
  <Folder Name="/99_Tools/">
    <Project Path="99_Tools/PacketGenerator/PacketGenerator.csproj" />
    <Project Path="99_Tools/headless-bot/HeadlessBot.csproj" />
  </Folder>
</Solution>
